
Microsoft Visual Studio Solution File, Format Version 12.00
# Visual Studio Version 16
VisualStudioVersion = 16.0.29613.14
MinimumVisualStudioVersion = 10.0.40219.1
Project("{9A19103F-16F7-4668-BE54-9A1E7A4F7556}") = "OOP", "OOP\OOP.csproj", "{E72BEB58-4050-4953-BDBD-A32D2991B407}"
EndProject
Project("{2150E333-8FDC-42A3-9474-1A3956D46DE8}") = "1 OOP", "1 OOP", "{8ECBF730-F6D2-4A8D-8B0B-2CD0AFA7A091}"
EndProject
Project("{2150E333-8FDC-42A3-9474-1A3956D46DE8}") = "2 Modificadores", "2 Modificadores", "{B9562552-F5BB-4B79-BBEB-072BB0BEF56C}"
EndProject
Project("{2150E333-8FDC-42A3-9474-1A3956D46DE8}") = "3 SOLID", "3 SOLID", "{1DDA19BE-C45E-4AEA-A8A8-1B209F58C006}"
EndProject
Project("{2150E333-8FDC-42A3-9474-1A3956D46DE8}") = "4 CleanCode", "4 CleanCode", "{9A1BB7C2-042E-4407-AB0B-27A5502707BF}"
EndProject
Project("{2150E333-8FDC-42A3-9474-1A3956D46DE8}") = "5 Design Patterns", "5 Design Patterns", "{77A54501-5D06-42AC-B989-A948A7CD3C4C}"
EndProject
Project("{9A19103F-16F7-4668-BE54-9A1E7A4F7556}") = "ProjetoA", "ProjetoA\ProjetoA.csproj", "{C2FFC352-0B86-4D80-9167-5B6ACBEA466F}"
EndProject
Project("{9A19103F-16F7-4668-BE54-9A1E7A4F7556}") = "ProjetoB", "ProjetoB\ProjetoB.csproj", "{BE39638A-1734-4E55-B930-AB6989BF6FA1}"
EndProject
Project("{9A19103F-16F7-4668-BE54-9A1E7A4F7556}") = "SOLID", "SOLID\SOLID.csproj", "{B386A7E0-5C15-4641-94CC-F1A1245DA64A}"
EndProject
Project("{2150E333-8FDC-42A3-9474-1A3956D46DE8}") = "DI", "DI", "{03205B05-E443-43BC-A64F-43702139531C}"
EndProject
Project("{9A19103F-16F7-4668-BE54-9A1E7A4F7556}") = "DemoDI", "DemoDI\DemoDI.csproj", "{4ECB964C-D49B-456E-A9AC-D257698FAB02}"
EndProject
Project("{FAE04EC0-301F-11D3-BF4B-00C04F79EFBC}") = "DesignPatterns", "DesignPatterns\DesignPatterns.csproj", "{29B8BDDE-9B5B-4036-B10D-9093EFEDE270}"
EndProject
Global
	GlobalSection(SolutionConfigurationPlatforms) = preSolution
		Debug|Any CPU = Debug|Any CPU
		Release|Any CPU = Release|Any CPU
	EndGlobalSection
	GlobalSection(ProjectConfigurationPlatforms) = postSolution
		{E72BEB58-4050-4953-BDBD-A32D2991B407}.Debug|Any CPU.ActiveCfg = Debug|Any CPU
		{E72BEB58-4050-4953-BDBD-A32D2991B407}.Debug|Any CPU.Build.0 = Debug|Any CPU
		{E72BEB58-4050-4953-BDBD-A32D2991B407}.Release|Any CPU.ActiveCfg = Release|Any CPU
		{E72BEB58-4050-4953-BDBD-A32D2991B407}.Release|Any CPU.Build.0 = Release|Any CPU
		{C2FFC352-0B86-4D80-9167-5B6ACBEA466F}.Debug|Any CPU.ActiveCfg = Debug|Any CPU
		{C2FFC352-0B86-4D80-9167-5B6ACBEA466F}.Debug|Any CPU.Build.0 = Debug|Any CPU
		{C2FFC352-0B86-4D80-9167-5B6ACBEA466F}.Release|Any CPU.ActiveCfg = Release|Any CPU
		{C2FFC352-0B86-4D80-9167-5B6ACBEA466F}.Release|Any CPU.Build.0 = Release|Any CPU
		{BE39638A-1734-4E55-B930-AB6989BF6FA1}.Debug|Any CPU.ActiveCfg = Debug|Any CPU
		{BE39638A-1734-4E55-B930-AB6989BF6FA1}.Debug|Any CPU.Build.0 = Debug|Any CPU
		{BE39638A-1734-4E55-B930-AB6989BF6FA1}.Release|Any CPU.ActiveCfg = Release|Any CPU
		{BE39638A-1734-4E55-B930-AB6989BF6FA1}.Release|Any CPU.Build.0 = Release|Any CPU
		{B386A7E0-5C15-4641-94CC-F1A1245DA64A}.Debug|Any CPU.ActiveCfg = Debug|Any CPU
		{B386A7E0-5C15-4641-94CC-F1A1245DA64A}.Debug|Any CPU.Build.0 = Debug|Any CPU
		{B386A7E0-5C15-4641-94CC-F1A1245DA64A}.Release|Any CPU.ActiveCfg = Release|Any CPU
		{B386A7E0-5C15-4641-94CC-F1A1245DA64A}.Release|Any CPU.Build.0 = Release|Any CPU
		{4ECB964C-D49B-456E-A9AC-D257698FAB02}.Debug|Any CPU.ActiveCfg = Debug|Any CPU
		{4ECB964C-D49B-456E-A9AC-D257698FAB02}.Debug|Any CPU.Build.0 = Debug|Any CPU
		{4ECB964C-D49B-456E-A9AC-D257698FAB02}.Release|Any CPU.ActiveCfg = Release|Any CPU
		{4ECB964C-D49B-456E-A9AC-D257698FAB02}.Release|Any CPU.Build.0 = Release|Any CPU
		{29B8BDDE-9B5B-4036-B10D-9093EFEDE270}.Debug|Any CPU.ActiveCfg = Debug|Any CPU
		{29B8BDDE-9B5B-4036-B10D-9093EFEDE270}.Debug|Any CPU.Build.0 = Debug|Any CPU
		{29B8BDDE-9B5B-4036-B10D-9093EFEDE270}.Release|Any CPU.ActiveCfg = Release|Any CPU
		{29B8BDDE-9B5B-4036-B10D-9093EFEDE270}.Release|Any CPU.Build.0 = Release|Any CPU
	EndGlobalSection
	GlobalSection(SolutionProperties) = preSolution
		HideSolutionNode = FALSE
	EndGlobalSection
	GlobalSection(NestedProjects) = preSolution
		{E72BEB58-4050-4953-BDBD-A32D2991B407} = {8ECBF730-F6D2-4A8D-8B0B-2CD0AFA7A091}
		{C2FFC352-0B86-4D80-9167-5B6ACBEA466F} = {B9562552-F5BB-4B79-BBEB-072BB0BEF56C}
		{BE39638A-1734-4E55-B930-AB6989BF6FA1} = {B9562552-F5BB-4B79-BBEB-072BB0BEF56C}
		{B386A7E0-5C15-4641-94CC-F1A1245DA64A} = {1DDA19BE-C45E-4AEA-A8A8-1B209F58C006}
		{03205B05-E443-43BC-A64F-43702139531C} = {9A1BB7C2-042E-4407-AB0B-27A5502707BF}
		{4ECB964C-D49B-456E-A9AC-D257698FAB02} = {03205B05-E443-43BC-A64F-43702139531C}
		{29B8BDDE-9B5B-4036-B10D-9093EFEDE270} = {77A54501-5D06-42AC-B989-A948A7CD3C4C}
	EndGlobalSection
	GlobalSection(ExtensibilityGlobals) = postSolution
		SolutionGuid = {9E7A4C5F-1EFB-468F-8512-ACE04CC27039}
	EndGlobalSection
EndGlobal
